// !$*UTF8*$!
{
	archiveVersion = 1;
	classes = {
	};
	objectVersion = 46;
	objects = {

/* Begin PBXBuildFile section */
		2C2FBA981968F633002AC4DA /* Foundation.framework in Frameworks */ = {isa = PBXBuildFile; fileRef = 2C2FBA971968F633002AC4DA /* Foundation.framework */; };
		2C2FBA9A1968F633002AC4DA /* CoreGraphics.framework in Frameworks */ = {isa = PBXBuildFile; fileRef = 2C2FBA991968F633002AC4DA /* CoreGraphics.framework */; };
		2C2FBA9C1968F633002AC4DA /* UIKit.framework in Frameworks */ = {isa = PBXBuildFile; fileRef = 2C2FBA9B1968F633002AC4DA /* UIKit.framework */; };
		2C2FBAA21968F633002AC4DA /* InfoPlist.strings in Resources */ = {isa = PBXBuildFile; fileRef = 2C2FBAA01968F633002AC4DA /* InfoPlist.strings */; };
		2C2FBAA41968F633002AC4DA /* main.m in Sources */ = {isa = PBXBuildFile; fileRef = 2C2FBAA31968F633002AC4DA /* main.m */; };
		2C2FBAA81968F633002AC4DA /* DefaultAppDelegate.m in Sources */ = {isa = PBXBuildFile; fileRef = 2C2FBAA71968F633002AC4DA /* DefaultAppDelegate.m */; };
		2C2FBAAB1968F633002AC4DA /* Main.storyboard in Resources */ = {isa = PBXBuildFile; fileRef = 2C2FBAA91968F633002AC4DA /* Main.storyboard */; };
		2C2FBAAE1968F633002AC4DA /* DefaultViewController.m in Sources */ = {isa = PBXBuildFile; fileRef = 2C2FBAAD1968F633002AC4DA /* DefaultViewController.m */; };
		2C2FBAB01968F633002AC4DA /* Images.xcassets in Resources */ = {isa = PBXBuildFile; fileRef = 2C2FBAAF1968F633002AC4DA /* Images.xcassets */; };
		2C2FBAB71968F633002AC4DA /* XCTest.framework in Frameworks */ = {isa = PBXBuildFile; fileRef = 2C2FBAB61968F633002AC4DA /* XCTest.framework */; };
		2C2FBAB81968F633002AC4DA /* Foundation.framework in Frameworks */ = {isa = PBXBuildFile; fileRef = 2C2FBA971968F633002AC4DA /* Foundation.framework */; };
		2C2FBAB91968F633002AC4DA /* UIKit.framework in Frameworks */ = {isa = PBXBuildFile; fileRef = 2C2FBA9B1968F633002AC4DA /* UIKit.framework */; };
		2C2FBAC11968F633002AC4DA /* InfoPlist.strings in Resources */ = {isa = PBXBuildFile; fileRef = 2C2FBABF1968F633002AC4DA /* InfoPlist.strings */; };
		2C2FBAC31968F633002AC4DA /* CardGame_v1Tests.m in Sources */ = {isa = PBXBuildFile; fileRef = 2C2FBAC21968F633002AC4DA /* CardGame_v1Tests.m */; };
		2C2FBACE1968F703002AC4DA /* Card.m in Sources */ = {isa = PBXBuildFile; fileRef = 2C2FBACD1968F703002AC4DA /* Card.m */; };
		2C2FBAD11968F77F002AC4DA /* Deck.m in Sources */ = {isa = PBXBuildFile; fileRef = 2C2FBAD01968F77F002AC4DA /* Deck.m */; };
		2C2FBAD819690055002AC4DA /* PlayingCard.m in Sources */ = {isa = PBXBuildFile; fileRef = 2C2FBAD719690055002AC4DA /* PlayingCard.m */; };
		2C2FBADB19698ADA002AC4DA /* PlayCardDeck.m in Sources */ = {isa = PBXBuildFile; fileRef = 2C2FBADA19698ADA002AC4DA /* PlayCardDeck.m */; };
		2C2FBADF19699196002AC4DA /* cardBack.jpeg in Resources */ = {isa = PBXBuildFile; fileRef = 2C2FBADE19699196002AC4DA /* cardBack.jpeg */; };
		2C2FBAE219699AD3002AC4DA /* CardMatchingGame.m in Sources */ = {isa = PBXBuildFile; fileRef = 2C2FBAE119699AD3002AC4DA /* CardMatchingGame.m */; };
/* End PBXBuildFile section */

/* Begin PBXContainerItemProxy section */
		2C2FBABA1968F633002AC4DA /* PBXContainerItemProxy */ = {
			isa = PBXContainerItemProxy;
			containerPortal = 2C2FBA8C1968F633002AC4DA /* Project object */;
			proxyType = 1;
			remoteGlobalIDString = 2C2FBA931968F633002AC4DA;
			remoteInfo = CardGame_v1;
		};
/* End PBXContainerItemProxy section */

/* Begin PBXFileReference section */
		2C2FBA941968F633002AC4DA /* CardGame_v1.app */ = {isa = PBXFileReference; explicitFileType = wrapper.application; includeInIndex = 0; path = CardGame_v1.app; sourceTree = BUILT_PRODUCTS_DIR; };
		2C2FBA971968F633002AC4DA /* Foundation.framework */ = {isa = PBXFileReference; lastKnownFileType = wrapper.framework; name = Foundation.framework; path = System/Library/Frameworks/Foundation.framework; sourceTree = SDKROOT; };
		2C2FBA991968F633002AC4DA /* CoreGraphics.framework */ = {isa = PBXFileReference; lastKnownFileType = wrapper.framework; name = CoreGraphics.framework; path = System/Library/Frameworks/CoreGraphics.framework; sourceTree = SDKROOT; };
		2C2FBA9B1968F633002AC4DA /* UIKit.framework */ = {isa = PBXFileReference; lastKnownFileType = wrapper.framework; name = UIKit.framework; path = System/Library/Frameworks/UIKit.framework; sourceTree = SDKROOT; };
		2C2FBA9F1968F633002AC4DA /* CardGame_v1-Info.plist */ = {isa = PBXFileReference; lastKnownFileType = text.plist.xml; path = "CardGame_v1-Info.plist"; sourceTree = "<group>"; };
		2C2FBAA11968F633002AC4DA /* en */ = {isa = PBXFileReference; lastKnownFileType = text.plist.strings; name = en; path = en.lproj/InfoPlist.strings; sourceTree = "<group>"; };
		2C2FBAA31968F633002AC4DA /* main.m */ = {isa = PBXFileReference; lastKnownFileType = sourcecode.c.objc; path = main.m; sourceTree = "<group>"; };
		2C2FBAA51968F633002AC4DA /* CardGame_v1-Prefix.pch */ = {isa = PBXFileReference; lastKnownFileType = sourcecode.c.h; path = "CardGame_v1-Prefix.pch"; sourceTree = "<group>"; };
		2C2FBAA61968F633002AC4DA /* DefaultAppDelegate.h */ = {isa = PBXFileReference; lastKnownFileType = sourcecode.c.h; path = DefaultAppDelegate.h; sourceTree = "<group>"; };
		2C2FBAA71968F633002AC4DA /* DefaultAppDelegate.m */ = {isa = PBXFileReference; lastKnownFileType = sourcecode.c.objc; path = DefaultAppDelegate.m; sourceTree = "<group>"; };
		2C2FBAAA1968F633002AC4DA /* Base */ = {isa = PBXFileReference; lastKnownFileType = file.storyboard; name = Base; path = Base.lproj/Main.storyboard; sourceTree = "<group>"; };
		2C2FBAAC1968F633002AC4DA /* DefaultViewController.h */ = {isa = PBXFileReference; lastKnownFileType = sourcecode.c.h; path = DefaultViewController.h; sourceTree = "<group>"; };
		2C2FBAAD1968F633002AC4DA /* DefaultViewController.m */ = {isa = PBXFileReference; lastKnownFileType = sourcecode.c.objc; path = DefaultViewController.m; sourceTree = "<group>"; };
		2C2FBAAF1968F633002AC4DA /* Images.xcassets */ = {isa = PBXFileReference; lastKnownFileType = folder.assetcatalog; path = Images.xcassets; sourceTree = "<group>"; };
		2C2FBAB51968F633002AC4DA /* CardGame_v1Tests.xctest */ = {isa = PBXFileReference; explicitFileType = wrapper.cfbundle; includeInIndex = 0; path = CardGame_v1Tests.xctest; sourceTree = BUILT_PRODUCTS_DIR; };
		2C2FBAB61968F633002AC4DA /* XCTest.framework */ = {isa = PBXFileReference; lastKnownFileType = wrapper.framework; name = XCTest.framework; path = Library/Frameworks/XCTest.framework; sourceTree = DEVELOPER_DIR; };
		2C2FBABE1968F633002AC4DA /* CardGame_v1Tests-Info.plist */ = {isa = PBXFileReference; lastKnownFileType = text.plist.xml; path = "CardGame_v1Tests-Info.plist"; sourceTree = "<group>"; };
		2C2FBAC01968F633002AC4DA /* en */ = {isa = PBXFileReference; lastKnownFileType = text.plist.strings; name = en; path = en.lproj/InfoPlist.strings; sourceTree = "<group>"; };
		2C2FBAC21968F633002AC4DA /* CardGame_v1Tests.m */ = {isa = PBXFileReference; lastKnownFileType = sourcecode.c.objc; path = CardGame_v1Tests.m; sourceTree = "<group>"; };
		2C2FBACC1968F703002AC4DA /* Card.h */ = {isa = PBXFileReference; fileEncoding = 4; lastKnownFileType = sourcecode.c.h; name = Card.h; path = model/Card.h; sourceTree = "<group>"; };
		2C2FBACD1968F703002AC4DA /* Card.m */ = {isa = PBXFileReference; fileEncoding = 4; lastKnownFileType = sourcecode.c.objc; name = Card.m; path = model/Card.m; sourceTree = "<group>"; };
		2C2FBACF1968F77F002AC4DA /* Deck.h */ = {isa = PBXFileReference; fileEncoding = 4; lastKnownFileType = sourcecode.c.h; name = Deck.h; path = model/Deck.h; sourceTree = "<group>"; };
		2C2FBAD01968F77F002AC4DA /* Deck.m */ = {isa = PBXFileReference; fileEncoding = 4; lastKnownFileType = sourcecode.c.objc; name = Deck.m; path = model/Deck.m; sourceTree = "<group>"; };
		2C2FBAD619690055002AC4DA /* PlayingCard.h */ = {isa = PBXFileReference; fileEncoding = 4; lastKnownFileType = sourcecode.c.h; name = PlayingCard.h; path = model/PlayingCard.h; sourceTree = "<group>"; };
		2C2FBAD719690055002AC4DA /* PlayingCard.m */ = {isa = PBXFileReference; fileEncoding = 4; lastKnownFileType = sourcecode.c.objc; name = PlayingCard.m; path = model/PlayingCard.m; sourceTree = "<group>"; };
		2C2FBAD919698ADA002AC4DA /* PlayCardDeck.h */ = {isa = PBXFileReference; fileEncoding = 4; lastKnownFileType = sourcecode.c.h; name = PlayCardDeck.h; path = model/PlayCardDeck.h; sourceTree = "<group>"; };
		2C2FBADA19698ADA002AC4DA /* PlayCardDeck.m */ = {isa = PBXFileReference; fileEncoding = 4; lastKnownFileType = sourcecode.c.objc; name = PlayCardDeck.m; path = model/PlayCardDeck.m; sourceTree = "<group>"; };
		2C2FBADE19699196002AC4DA /* cardBack.jpeg */ = {isa = PBXFileReference; lastKnownFileType = image.jpeg; path = cardBack.jpeg; sourceTree = "<group>"; };
		2C2FBAE019699AD3002AC4DA /* CardMatchingGame.h */ = {isa = PBXFileReference; fileEncoding = 4; lastKnownFileType = sourcecode.c.h; path = CardMatchingGame.h; sourceTree = "<group>"; };
		2C2FBAE119699AD3002AC4DA /* CardMatchingGame.m */ = {isa = PBXFileReference; fileEncoding = 4; lastKnownFileType = sourcecode.c.objc; path = CardMatchingGame.m; sourceTree = "<group>"; };
/* End PBXFileReference section */

/* Begin PBXFrameworksBuildPhase section */
		2C2FBA911968F633002AC4DA /* Frameworks */ = {
			isa = PBXFrameworksBuildPhase;
			buildActionMask = 2147483647;
			files = (
				2C2FBA9A1968F633002AC4DA /* CoreGraphics.framework in Frameworks */,
				2C2FBA9C1968F633002AC4DA /* UIKit.framework in Frameworks */,
				2C2FBA981968F633002AC4DA /* Foundation.framework in Frameworks */,
			);
			runOnlyForDeploymentPostprocessing = 0;
		};
		2C2FBAB21968F633002AC4DA /* Frameworks */ = {
			isa = PBXFrameworksBuildPhase;
			buildActionMask = 2147483647;
			files = (
				2C2FBAB71968F633002AC4DA /* XCTest.framework in Frameworks */,
				2C2FBAB91968F633002AC4DA /* UIKit.framework in Frameworks */,
				2C2FBAB81968F633002AC4DA /* Foundation.framework in Frameworks */,
			);
			runOnlyForDeploymentPostprocessing = 0;
		};
/* End PBXFrameworksBuildPhase section */

/* Begin PBXGroup section */
		2C2FBA8B1968F633002AC4DA = {
			isa = PBXGroup;
			children = (
				2C2FBA9D1968F633002AC4DA /* CardGame_v1 */,
				2C2FBABC1968F633002AC4DA /* CardGame_v1Tests */,
				2C2FBA961968F633002AC4DA /* Frameworks */,
				2C2FBA951968F633002AC4DA /* Products */,
			);
			sourceTree = "<group>";
		};
		2C2FBA951968F633002AC4DA /* Products */ = {
			isa = PBXGroup;
			children = (
				2C2FBA941968F633002AC4DA /* CardGame_v1.app */,
				2C2FBAB51968F633002AC4DA /* CardGame_v1Tests.xctest */,
			);
			name = Products;
			sourceTree = "<group>";
		};
		2C2FBA961968F633002AC4DA /* Frameworks */ = {
			isa = PBXGroup;
			children = (
				2C2FBA971968F633002AC4DA /* Foundation.framework */,
				2C2FBA991968F633002AC4DA /* CoreGraphics.framework */,
				2C2FBA9B1968F633002AC4DA /* UIKit.framework */,
				2C2FBAB61968F633002AC4DA /* XCTest.framework */,
			);
			name = Frameworks;
			sourceTree = "<group>";
		};
		2C2FBA9D1968F633002AC4DA /* CardGame_v1 */ = {
			isa = PBXGroup;
			children = (
				2C2FBAA91968F633002AC4DA /* Main.storyboard */,
				2C2FBAA61968F633002AC4DA /* DefaultAppDelegate.h */,
				2C2FBAA71968F633002AC4DA /* DefaultAppDelegate.m */,
				2C2FBAAC1968F633002AC4DA /* DefaultViewController.h */,
				2C2FBAAD1968F633002AC4DA /* DefaultViewController.m */,
				2C2FBADE19699196002AC4DA /* cardBack.jpeg */,
				2C2FBAAF1968F633002AC4DA /* Images.xcassets */,
				2C2FBA9E1968F633002AC4DA /* Supporting Files */,
				2C2FBAD21968F798002AC4DA /* model */,
			);
			path = CardGame_v1;
			sourceTree = "<group>";
		};
		2C2FBA9E1968F633002AC4DA /* Supporting Files */ = {
			isa = PBXGroup;
			children = (
				2C2FBA9F1968F633002AC4DA /* CardGame_v1-Info.plist */,
				2C2FBAA01968F633002AC4DA /* InfoPlist.strings */,
				2C2FBAA31968F633002AC4DA /* main.m */,
				2C2FBAA51968F633002AC4DA /* CardGame_v1-Prefix.pch */,
			);
			name = "Supporting Files";
			sourceTree = "<group>";
		};
		2C2FBABC1968F633002AC4DA /* CardGame_v1Tests */ = {
			isa = PBXGroup;
			children = (
				2C2FBAC21968F633002AC4DA /* CardGame_v1Tests.m */,
				2C2FBABD1968F633002AC4DA /* Supporting Files */,
			);
			path = CardGame_v1Tests;
			sourceTree = "<group>";
		};
		2C2FBABD1968F633002AC4DA /* Supporting Files */ = {
			isa = PBXGroup;
			children = (
				2C2FBABE1968F633002AC4DA /* CardGame_v1Tests-Info.plist */,
				2C2FBABF1968F633002AC4DA /* InfoPlist.strings */,
			);
			name = "Supporting Files";
			sourceTree = "<group>";
		};
		2C2FBAD21968F798002AC4DA /* model */ = {
			isa = PBXGroup;
			children = (
				2C2FBAE019699AD3002AC4DA /* CardMatchingGame.h */,
				2C2FBAE119699AD3002AC4DA /* CardMatchingGame.m */,
				2C2FBACC1968F703002AC4DA /* Card.h */,
				2C2FBACD1968F703002AC4DA /* Card.m */,
				2C2FBACF1968F77F002AC4DA /* Deck.h */,
				2C2FBAD01968F77F002AC4DA /* Deck.m */,
				2C2FBAD619690055002AC4DA /* PlayingCard.h */,
				2C2FBAD719690055002AC4DA /* PlayingCard.m */,
				2C2FBAD919698ADA002AC4DA /* PlayCardDeck.h */,
				2C2FBADA19698ADA002AC4DA /* PlayCardDeck.m */,
			);
			name = model;
			sourceTree = "<group>";
		};
/* End PBXGroup section */

/* Begin PBXNativeTarget section */
		2C2FBA931968F633002AC4DA /* CardGame_v1 */ = {
			isa = PBXNativeTarget;
			buildConfigurationList = 2C2FBAC61968F633002AC4DA /* Build configuration list for PBXNativeTarget "CardGame_v1" */;
			buildPhases = (
				2C2FBA901968F633002AC4DA /* Sources */,
				2C2FBA911968F633002AC4DA /* Frameworks */,
				2C2FBA921968F633002AC4DA /* Resources */,
			);
			buildRules = (
			);
			dependencies = (
			);
			name = CardGame_v1;
			productName = CardGame_v1;
			productReference = 2C2FBA941968F633002AC4DA /* CardGame_v1.app */;
			productType = "com.apple.product-type.application";
		};
		2C2FBAB41968F633002AC4DA /* CardGame_v1Tests */ = {
			isa = PBXNativeTarget;
			buildConfigurationList = 2C2FBAC91968F633002AC4DA /* Build configuration list for PBXNativeTarget "CardGame_v1Tests" */;
			buildPhases = (
				2C2FBAB11968F633002AC4DA /* Sources */,
				2C2FBAB21968F633002AC4DA /* Frameworks */,
				2C2FBAB31968F633002AC4DA /* Resources */,
			);
			buildRules = (
			);
			dependencies = (
				2C2FBABB1968F633002AC4DA /* PBXTargetDependency */,
			);
			name = CardGame_v1Tests;
			productName = CardGame_v1Tests;
			productReference = 2C2FBAB51968F633002AC4DA /* CardGame_v1Tests.xctest */;
			productType = "com.apple.product-type.bundle.unit-test";
		};
/* End PBXNativeTarget section */

/* Begin PBXProject section */
		2C2FBA8C1968F633002AC4DA /* Project object */ = {
			isa = PBXProject;
			attributes = {
				CLASSPREFIX = Default;
				LastUpgradeCheck = 0510;
				ORGANIZATIONNAME = Marcus;
				TargetAttributes = {
					2C2FBAB41968F633002AC4DA = {
						TestTargetID = 2C2FBA931968F633002AC4DA;
					};
				};
			};
			buildConfigurationList = 2C2FBA8F1968F633002AC4DA /* Build configuration list for PBXProject "CardGame_v1" */;
			compatibilityVersion = "Xcode 3.2";
			developmentRegion = English;
			hasScannedForEncodings = 0;
			knownRegions = (
				en,
				Base,
			);
			mainGroup = 2C2FBA8B1968F633002AC4DA;
			productRefGroup = 2C2FBA951968F633002AC4DA /* Products */;
			projectDirPath = "";
			projectRoot = "";
			targets = (
				2C2FBA931968F633002AC4DA /* CardGame_v1 */,
				2C2FBAB41968F633002AC4DA /* CardGame_v1Tests */,
			);
		};
/* End PBXProject section */

/* Begin PBXResourcesBuildPhase section */
		2C2FBA921968F633002AC4DA /* Resources */ = {
			isa = PBXResourcesBuildPhase;
			buildActionMask = 2147483647;
			files = (
				2C2FBAB01968F633002AC4DA /* Images.xcassets in Resources */,
				2C2FBAA21968F633002AC4DA /* InfoPlist.strings in Resources */,
				2C2FBADF19699196002AC4DA /* cardBack.jpeg in Resources */,
				2C2FBAAB1968F633002AC4DA /* Main.storyboard in Resources */,
			);
			runOnlyForDeploymentPostprocessing = 0;
		};
		2C2FBAB31968F633002AC4DA /* Resources */ = {
			isa = PBXResourcesBuildPhase;
			buildActionMask = 2147483647;
			files = (
				2C2FBAC11968F633002AC4DA /* InfoPlist.strings in Resources */,
			);
			runOnlyForDeploymentPostprocessing = 0;
		};
/* End PBXResourcesBuildPhase section */

/* Begin PBXSourcesBuildPhase section */
		2C2FBA901968F633002AC4DA /* Sources */ = {
			isa = PBXSourcesBuildPhase;
			buildActionMask = 2147483647;
			files = (
				2C2FBADB19698ADA002AC4DA /* PlayCardDeck.m in Sources */,
				2C2FBAD11968F77F002AC4DA /* Deck.m in Sources */,
				2C2FBAD819690055002AC4DA /* PlayingCard.m in Sources */,
				2C2FBAA81968F633002AC4DA /* DefaultAppDelegate.m in Sources */,
				2C2FBAE219699AD3002AC4DA /* CardMatchingGame.m in Sources */,
				2C2FBAAE1968F633002AC4DA /* DefaultViewController.m in Sources */,
				2C2FBAA41968F633002AC4DA /* main.m in Sources */,
				2C2FBACE1968F703002AC4DA /* Card.m in Sources */,
			);
			runOnlyForDeploymentPostprocessing = 0;
		};
		2C2FBAB11968F633002AC4DA /* Sources */ = {
			isa = PBXSourcesBuildPhase;
			buildActionMask = 2147483647;
			files = (
				2C2FBAC31968F633002AC4DA /* CardGame_v1Tests.m in Sources */,
			);
			runOnlyForDeploymentPostprocessing = 0;
		};
/* End PBXSourcesBuildPhase section */

/* Begin PBXTargetDependency section */
		2C2FBABB1968F633002AC4DA /* PBXTargetDependency */ = {
			isa = PBXTargetDependency;
			target = 2C2FBA931968F633002AC4DA /* CardGame_v1 */;
			targetProxy = 2C2FBABA1968F633002AC4DA /* PBXContainerItemProxy */;
		};
/* End PBXTargetDependency section */

/* Begin PBXVariantGroup section */
		2C2FBAA01968F633002AC4DA /* InfoPlist.strings */ = {
			isa = PBXVariantGroup;
			children = (
				2C2FBAA11968F633002AC4DA /* en */,
			);
			name = InfoPlist.strings;
			sourceTree = "<group>";
		};
		2C2FBAA91968F633002AC4DA /* Main.storyboard */ = {
			isa = PBXVariantGroup;
			children = (
				2C2FBAAA1968F633002AC4DA /* Base */,
			);
			name = Main.storyboard;
			sourceTree = "<group>";
		};
		2C2FBABF1968F633002AC4DA /* InfoPlist.strings */ = {
			isa = PBXVariantGroup;
			children = (
				2C2FBAC01968F633002AC4DA /* en */,
			);
			name = InfoPlist.strings;
			sourceTree = "<group>";
		};
/* End PBXVariantGroup section */

/* Begin XCBuildConfiguration section */
		2C2FBAC41968F633002AC4DA /* Debug */ = {
			isa = XCBuildConfiguration;
			buildSettings = {
				ALWAYS_SEARCH_USER_PATHS = NO;
				CLANG_CXX_LANGUAGE_STANDARD = "gnu++0x";
				CLANG_CXX_LIBRARY = "libc++";
				CLANG_ENABLE_MODULES = YES;
				CLANG_ENABLE_OBJC_ARC = YES;
				CLANG_WARN_BOOL_CONVERSION = YES;
				CLANG_WARN_CONSTANT_CONVERSION = YES;
				CLANG_WARN_DIRECT_OBJC_ISA_USAGE = YES_ERROR;
				CLANG_WARN_EMPTY_BODY = YES;
				CLANG_WARN_ENUM_CONVERSION = YES;
				CLANG_WARN_INT_CONVERSION = YES;
				CLANG_WARN_OBJC_ROOT_CLASS = YES_ERROR;
				CLANG_WARN__DUPLICATE_METHOD_MATCH = YES;
				"CODE_SIGN_IDENTITY[sdk=iphoneos*]" = "iPhone Developer";
				COPY_PHASE_STRIP = NO;
				GCC_C_LANGUAGE_STANDARD = gnu99;
				GCC_DYNAMIC_NO_PIC = NO;
				GCC_OPTIMIZATION_LEVEL = 0;
				GCC_PREPROCESSOR_DEFINITIONS = (
					"DEBUG=1",
					"$(inherited)",
				);
				GCC_SYMBOLS_PRIVATE_EXTERN = NO;
				GCC_WARN_64_TO_32_BIT_CONVERSION = YES;
				GCC_WARN_ABOUT_RETURN_TYPE = YES_ERROR;
				GCC_WARN_UNDECLARED_SELECTOR = YES;
				GCC_WARN_UNINITIALIZED_AUTOS = YES_AGGRESSIVE;
				GCC_WARN_UNUSED_FUNCTION = YES;
				GCC_WARN_UNUSED_VARIABLE = YES;
				IPHONEOS_DEPLOYMENT_TARGET = 7.1;
				ONLY_ACTIVE_ARCH = YES;
				SDKROOT = iphoneos;
			};
			name = Debug;
		};
		2C2FBAC51968F633002AC4DA /* Release */ = {
			isa = XCBuildConfiguration;
			buildSettings = {
				ALWAYS_SEARCH_USER_PATHS = NO;
				CLANG_CXX_LANGUAGE_STANDARD = "gnu++0x";
				CLANG_CXX_LIBRARY = "libc++";
				CLANG_ENABLE_MODULES = YES;
				CLANG_ENABLE_OBJC_ARC = YES;
				CLANG_WARN_BOOL_CONVERSION = YES;
				CLANG_WARN_CONSTANT_CONVERSION = YES;
				CLANG_WARN_DIRECT_OBJC_ISA_USAGE = YES_ERROR;
				CLANG_WARN_EMPTY_BODY = YES;
				CLANG_WARN_ENUM_CONVERSION = YES;
				CLANG_WARN_INT_CONVERSION = YES;
				CLANG_WARN_OBJC_ROOT_CLASS = YES_ERROR;
				CLANG_WARN__DUPLICATE_METHOD_MATCH = YES;
				"CODE_SIGN_IDENTITY[sdk=iphoneos*]" = "iPhone Developer";
				COPY_PHASE_STRIP = YES;
				ENABLE_NS_ASSERTIONS = NO;
				GCC_C_LANGUAGE_STANDARD = gnu99;
				GCC_WARN_64_TO_32_BIT_CONVERSION = YES;
				GCC_WARN_ABOUT_RETURN_TYPE = YES_ERROR;
				GCC_WARN_UNDECLARED_SELECTOR = YES;
				GCC_WARN_UNINITIALIZED_AUTOS = YES_AGGRESSIVE;
				GCC_WARN_UNUSED_FUNCTION = YES;
				GCC_WARN_UNUSED_VARIABLE = YES;
				IPHONEOS_DEPLOYMENT_TARGET = 7.1;
				SDKROOT = iphoneos;
				VALIDATE_PRODUCT = YES;
			};
			name = Release;
		};
		2C2FBAC71968F633002AC4DA /* Debug */ = {
			isa = XCBuildConfiguration;
			buildSettings = {
				ASSETCATALOG_COMPILER_APPICON_NAME = AppIcon;
				ASSETCATALOG_COMPILER_LAUNCHIMAGE_NAME = LaunchImage;
				GCC_PRECOMPILE_PREFIX_HEADER = YES;
				GCC_PREFIX_HEADER = "CardGame_v1/CardGame_v1-Prefix.pch";
				INFOPLIST_FILE = "CardGame_v1/CardGame_v1-Info.plist";
				PRODUCT_NAME = "$(TARGET_NAME)";
				WRAPPER_EXTENSION = app;
			};
			name = Debug;
		};
		2C2FBAC81968F633002AC4DA /* Release */ = {
			isa = XCBuildConfiguration;
			buildSettings = {
				ASSETCATALOG_COMPILER_APPICON_NAME = AppIcon;
				ASSETCATALOG_COMPILER_LAUNCHIMAGE_NAME = LaunchImage;
				GCC_PRECOMPILE_PREFIX_HEADER = YES;
				GCC_PREFIX_HEADER = "CardGame_v1/CardGame_v1-Prefix.pch";
				INFOPLIST_FILE = "CardGame_v1/CardGame_v1-Info.plist";
				PRODUCT_NAME = "$(TARGET_NAME)";
				WRAPPER_EXTENSION = app;
			};
			name = Release;
		};
		2C2FBACA1968F633002AC4DA /* Debug */ = {
			isa = XCBuildConfiguration;
			buildSettings = {
				BUNDLE_LOADER = "$(BUILT_PRODUCTS_DIR)/CardGame_v1.app/CardGame_v1";
				FRAMEWORK_SEARCH_PATHS = (
					"$(SDKROOT)/Developer/Library/Frameworks",
					"$(inherited)",
					"$(DEVELOPER_FRAMEWORKS_DIR)",
				);
				GCC_PRECOMPILE_PREFIX_HEADER = YES;
				GCC_PREFIX_HEADER = "CardGame_v1/CardGame_v1-Prefix.pch";
				GCC_PREPROCESSOR_DEFINITIONS = (
					"DEBUG=1",
					"$(inherited)",
				);
				INFOPLIST_FILE = "CardGame_v1Tests/CardGame_v1Tests-Info.plist";
				PRODUCT_NAME = "$(TARGET_NAME)";
				TEST_HOST = "$(BUNDLE_LOADER)";
				WRAPPER_EXTENSION = xctest;
			};
			name = Debug;
		};
		2C2FBACB1968F633002AC4DA /* Release */ = {
			isa = XCBuildConfiguration;
			buildSettings = {
				BUNDLE_LOADER = "$(BUILT_PRODUCTS_DIR)/CardGame_v1.app/CardGame_v1";
				FRAMEWORK_SEARCH_PATHS = (
					"$(SDKROOT)/Developer/Library/Frameworks",
					"$(inherited)",
					"$(DEVELOPER_FRAMEWORKS_DIR)",
				);
				GCC_PRECOMPILE_PREFIX_HEADER = YES;
				GCC_PREFIX_HEADER = "CardGame_v1/CardGame_v1-Prefix.pch";
				INFOPLIST_FILE = "CardGame_v1Tests/CardGame_v1Tests-Info.plist";
				PRODUCT_NAME = "$(TARGET_NAME)";
				TEST_HOST = "$(BUNDLE_LOADER)";
				WRAPPER_EXTENSION = xctest;
			};
			name = Release;
		};
/* End XCBuildConfiguration section */

/* Begin XCConfigurationList section */
		2C2FBA8F1968F633002AC4DA /* Build configuration list for PBXProject "CardGame_v1" */ = {
			isa = XCConfigurationList;
			buildConfigurations = (
				2C2FBAC41968F633002AC4DA /* Debug */,
				2C2FBAC51968F633002AC4DA /* Release */,
			);
			defaultConfigurationIsVisible = 0;
			defaultConfigurationName = Release;
		};
		2C2FBAC61968F633002AC4DA /* Build configuration list for PBXNativeTarget "CardGame_v1" */ = {
			isa = XCConfigurationList;
			buildConfigurations = (
				2C2FBAC71968F633002AC4DA /* Debug */,
				2C2FBAC81968F633002AC4DA /* Release */,
			);
			defaultConfigurationIsVisible = 0;
		};
		2C2FBAC91968F633002AC4DA /* Build configuration list for PBXNativeTarget "CardGame_v1Tests" */ = {
			isa = XCConfigurationList;
			buildConfigurations = (
				2C2FBACA1968F633002AC4DA /* Debug */,
				2C2FBACB1968F633002AC4DA /* Release */,
			);
			defaultConfigurationIsVisible = 0;
		};
/* End XCConfigurationList section */
	};
	rootObject = 2C2FBA8C1968F633002AC4DA /* Project object */;
}
